
Microsoft Visual Studio Solution File, Format Version 12.00
# Visual Studio Version 16
VisualStudioVersion = 16.0.30002.166
MinimumVisualStudioVersion = 10.0.40219.1
Project("{FAE04EC0-301F-11D3-BF4B-00C04F79EFBC}") = "SmazatDemo", "SecurityDemo-8.3\SecurityDemo-8.3.csproj", "{659F60F5-33EE-4A85-BC61-F2B2A960F6F2}"
EndProject
Global
	GlobalSection(SolutionConfigurationPlatforms) = preSolution
		Debug|Any CPU = Debug|Any CPU
		Release|Any CPU = Release|Any CPU
	EndGlobalSection
	GlobalSection(ProjectConfigurationPlatforms) = postSolution
		{659F60F5-33EE-4A85-BC61-F2B2A960F6F2}.Debug|Any CPU.ActiveCfg = Debug|Any CPU
		{659F60F5-33EE-4A85-BC61-F2B2A960F6F2}.Debug|Any CPU.Build.0 = Debug|Any CPU
		{659F60F5-33EE-4A85-BC61-F2B2A960F6F2}.Release|Any CPU.ActiveCfg = Release|Any CPU
		{659F60F5-33EE-4A85-BC61-F2B2A960F6F2}.Release|Any CPU.Build.0 = Release|Any CPU
	EndGlobalSection
	GlobalSection(SolutionProperties) = preSolution
		HideSolutionNode = FALSE
	EndGlobalSection
	GlobalSection(ExtensibilityGlobals) = postSolution
		SolutionGuid = {F35E66DE-6FFC-4437-BC00-FFC6296D8854}
	EndGlobalSection
EndGlobal
